<?xml version="1.0" encoding="utf-8"?>
<Project ToolsVersion="4.0" xmlns="http://schemas.microsoft.com/developer/msbuild/2003">
  <ItemGroup>
    <Filter Include="Source Files">
      <UniqueIdentifier>{4FC737F1-C7A5-4376-A066-2A32D752A2FF}</UniqueIdentifier>
      <Extensions>cpp;c;cc;cxx;def;odl;idl;hpj;bat;asm;asmx</Extensions>
    </Filter>
    <Filter Include="Header Files">
      <UniqueIdentifier>{93995380-89BD-4b04-88EB-625FBE52EBFB}</UniqueIdentifier>
      <Extensions>h;hh;hpp;hxx;hm;inl;inc;xsd</Extensions>
    </Filter>
    <Filter Include="Resource Files">
      <UniqueIdentifier>{67DA6AB6-F800-4c08-8B7A-83BB121AAD01}</UniqueIdentifier>
      <Extensions>rc;ico;cur;bmp;dlg;rc2;rct;bin;rgs;gif;jpg;jpeg;jpe;resx;tiff;tif;png;wav;mfcribbon-ms</Extensions>
    </Filter>
  </ItemGroup>
  <ItemGroup>
    <ClCompile Include="1501.c">
      <Filter>Source Files</Filter>
    </ClCompile>
    <ClCompile Include="1502.c">
      <Filter>Source Files</Filter>
    </ClCompile>
    <ClCompile Include="base.c">
      <Filter>Source Files</Filter>
    </ClCompile>
    <ClCompile Include="1503.c">
      <Filter>Source Files</Filter>
    </ClCompile>
    <ClCompile Include="1504.c">
      <Filter>Source Files</Filter>
    </ClCompile>
    <ClCompile Include="1505.c">
      <Filter>Source Files</Filter>
    </ClCompile>
    <ClCompile Include="1506.c">
      <Filter>Source Files</Filter>
    </ClCompile>
    <ClCompile Include="1401.c">
      <Filter>Source Files</Filter>
    </ClCompile>
    <ClCompile Include="1402.c">
      <Filter>Source Files</Filter>
    </ClCompile>
    <ClCompile Include="1403.c">
      <Filter>Source Files</Filter>
    </ClCompile>
    <ClCompile Include="1404.c">
      <Filter>Source Files</Filter>
    </ClCompile>
    <ClCompile Include="1405.c">
      <Filter>Source Files</Filter>
    </ClCompile>
    <ClCompile Include="1406.c">
      <Filter>Source Files</Filter>
    </ClCompile>
    <ClCompile Include="1407.c">
      <Filter>Source Files</Filter>
    </ClCompile>
    <ClCompile Include="1408.c">
      <Filter>Source Files</Filter>
    </ClCompile>
    <ClCompile Include="1409.c">
      <Filter>Source Files</Filter>
    </ClCompile>
    <ClCompile Include="1410.c">
      <Filter>Source Files</Filter>
    </ClCompile>
    <ClCompile Include="00AE.c">
      <Filter>Source Files</Filter>
    </ClCompile>
    <ClCompile Include="0412.cpp">
      <Filter>Source Files</Filter>
    </ClCompile>
    <ClCompile Include="044B.cpp">
      <Filter>Source Files</Filter>
    </ClCompile>
    <ClCompile Include="0088.cpp">
      <Filter>Source Files</Filter>
    </ClCompile>
    <ClCompile Include="008e.cpp">
      <Filter>Source Files</Filter>
    </ClCompile>
    <ClCompile Include="008f.cpp">
      <Filter>Source Files</Filter>
    </ClCompile>
    <ClCompile Include="00b4.cpp">
      <Filter>Source Files</Filter>
    </ClCompile>
    <ClCompile Include="02d6.cpp">
      <Filter>Source Files</Filter>
    </ClCompile>
    <ClCompile Include="0544.cpp">
      <Filter>Source Files</Filter>
    </ClCompile>
    <ClCompile Include="0548.cpp">
      <Filter>Source Files</Filter>
    </ClCompile>
    <ClCompile Include="02fb.cpp">
      <Filter>Source Files</Filter>
    </ClCompile>
    <ClCompile Include="035c.cpp">
      <Filter>Source Files</Filter>
    </ClCompile>
    <ClCompile Include="0423.cpp">
      <Filter>Source Files</Filter>
    </ClCompile>
    <ClCompile Include="00bd.cpp">
      <Filter>Source Files</Filter>
    </ClCompile>
    <ClCompile Include="01c0.cpp">
      <Filter>Source Files</Filter>
    </ClCompile>
    <ClCompile Include="02c6.cpp">
      <Filter>Source Files</Filter>
    </ClCompile>
    <ClCompile Include="0424.cpp">
      <Filter>Source Files</Filter>
    </ClCompile>
    <ClCompile Include="009b.cpp">
      <Filter>Source Files</Filter>
    </ClCompile>
    <ClCompile Include="00a6.cpp">
      <Filter>Source Files</Filter>
    </ClCompile>
    <ClCompile Include="00a7.cpp">
      <Filter>Source Files</Filter>
    </ClCompile>
    <ClCompile Include="00b9.cpp">
      <Filter>Source Files</Filter>
    </ClCompile>
    <ClCompile Include="0230.cpp">
      <Filter>Source Files</Filter>
    </ClCompile>
    <ClCompile Include="0425.cpp">
      <Filter>Source Files</Filter>
    </ClCompile>
    <ClCompile Include="006e.cpp">
      <Filter>Source Files</Filter>
    </ClCompile>
    <ClCompile Include="00c0.cpp">
      <Filter>Source Files</Filter>
    </ClCompile>
    <ClCompile Include="00c2.cpp">
      <Filter>Source Files</Filter>
    </ClCompile>
    <ClCompile Include="01bd.cpp">
      <Filter>Source Files</Filter>
    </ClCompile>
    <ClCompile Include="00b1.cpp">
      <Filter>Source Files</Filter>
    </ClCompile>
    <ClCompile Include="02c7.cpp">
      <Filter>Source Files</Filter>
    </ClCompile>
    <ClCompile Include="0517.cpp">
      <Filter>Source Files</Filter>
    </ClCompile>
    <ClCompile Include="02fe.cpp">
      <Filter>Source Files</Filter>
    </ClCompile>
    <ClCompile Include="0433.cpp">
      <Filter>Source Files</Filter>
    </ClCompile>
    <ClCompile Include="043a.cpp">
      <Filter>Source Files</Filter>
    </ClCompile>
    <ClCompile Include="008d.cpp">
      <Filter>Source Files</Filter>
    </ClCompile>
    <ClCompile Include="00ad.cpp">
      <Filter>Source Files</Filter>
    </ClCompile>
    <ClCompile Include="00b5.cpp">
      <Filter>Source Files</Filter>
    </ClCompile>
    <ClCompile Include="00b6.cpp">
      <Filter>Source Files</Filter>
    </ClCompile>
    <ClCompile Include="00b7.cpp">
      <Filter>Source Files</Filter>
    </ClCompile>
    <ClCompile Include="03b9.cpp">
      <Filter>Source Files</Filter>
    </ClCompile>
    <ClCompile Include="0519.cpp">
      <Filter>Source Files</Filter>
    </ClCompile>
    <ClCompile Include="02c5.cpp">
      <Filter>Source Files</Filter>
    </ClCompile>
    <ClCompile Include="01d7.cpp">
      <Filter>Source Files</Filter>
    </ClCompile>
    <ClCompile Include="0186.cpp">
      <Filter>Source Files</Filter>
    </ClCompile>
    <ClCompile Include="HELLOWORLD.cpp">
      <Filter>Source Files</Filter>
    </ClCompile>
    <ClCompile Include="MERCY.cpp">
      <Filter>Source Files</Filter>
    </ClCompile>
    <ClCompile Include="DRAWRECT.cpp">
      <Filter>Source Files</Filter>
    </ClCompile>
    <ClCompile Include="LECTURE.cpp">
      <Filter>Source Files</Filter>
    </ClCompile>
    <ClCompile Include="ENCRYPT.cpp">
      <Filter>Source Files</Filter>
    </ClCompile>
    <ClCompile Include="MISPELL.cpp">
      <Filter>Source Files</Filter>
    </ClCompile>
    <ClCompile Include="CONVERT.cpp">
      <Filter>Source Files</Filter>
    </ClCompile>
    <ClCompile Include="HOTSUMMER.cpp">
      <Filter>Source Files</Filter>
    </ClCompile>
    <ClCompile Include="URI.cpp">
      <Filter>Source Files</Filter>
    </ClCompile>
    <ClCompile Include="XHAENEUNG.cpp">
      <Filter>Source Files</Filter>
    </ClCompile>
    <ClCompile Include="WEIRD.cpp">
      <Filter>Source Files</Filter>
    </ClCompile>
    <ClCompile Include="HAMMINGCODE.cpp">
      <Filter>Source Files</Filter>
    </ClCompile>
    <ClCompile Include="WEEKLYCALENDAR.cpp">
      <Filter>Source Files</Filter>
    </ClCompile>
    <ClCompile Include="BRACKETS2.cpp">
      <Filter>Source Files</Filter>
    </ClCompile>
    <ClCompile Include="NQUEEN.cpp">
      <Filter>Source Files</Filter>
    </ClCompile>
    <ClCompile Include="LIS.cpp">
      <Filter>Source Files</Filter>
    </ClCompile>
    <ClCompile Include="FIX.cpp">
      <Filter>Source Files</Filter>
    </ClCompile>
    <ClCompile Include="DECODE.cpp">
      <Filter>Source Files</Filter>
    </ClCompile>
    <ClCompile Include="MOON.cpp">
      <Filter>Source Files</Filter>
    </ClCompile>
    <ClCompile Include="ZEROONE.cpp">
      <Filter>Source Files</Filter>
    </ClCompile>
    <ClCompile Include="FESTIVAL.cpp">
      <Filter>Source Files</Filter>
    </ClCompile>
    <ClCompile Include="FENCE.cpp">
      <Filter>Source Files</Filter>
    </ClCompile>
    <ClCompile Include="JUMPGAME.cpp">
      <Filter>Source Files</Filter>
    </ClCompile>
    <ClCompile Include="RATIO.cpp">
      <Filter>Source Files</Filter>
    </ClCompile>
    <ClCompile Include="ENDIANS.cpp">
      <Filter>Source Files</Filter>
    </ClCompile>
    <ClCompile Include="MEETING.cpp">
      <Filter>Source Files</Filter>
    </ClCompile>
    <ClCompile Include="COINS.cpp">
      <Filter>Source Files</Filter>
    </ClCompile>
    <ClCompile Include="TRAIANGLEPATH.cpp">
      <Filter>Source Files</Filter>
    </ClCompile>
    <ClCompile Include="JOSEPHUS.cpp">
      <Filter>Source Files</Filter>
    </ClCompile>
    <ClCompile Include="DOLLS.cpp">
      <Filter>Source Files</Filter>
    </ClCompile>
    <ClCompile Include="FANMEETING.cpp">
      <Filter>Source Files</Filter>
    </ClCompile>
    <ClCompile Include="ANAGRAM.cpp">
      <Filter>Source Files</Filter>
    </ClCompile>
    <ClCompile Include="PACKING.cpp">
      <Filter>Source Files</Filter>
    </ClCompile>
    <ClCompile Include="WORDCHAIN.cpp">
      <Filter>Source Files</Filter>
    </ClCompile>
    <ClCompile Include="SUSHI.cpp">
      <Filter>Source Files</Filter>
    </ClCompile>
    <ClCompile Include="CSBASEBALL.cpp">
      <Filter>Source Files</Filter>
    </ClCompile>
    <ClCompile Include="MEASURETIME.cpp">
      <Filter>Source Files</Filter>
    </ClCompile>
    <ClCompile Include="MAGICPOWER.cpp">
      <Filter>Source Files</Filter>
    </ClCompile>
    <ClCompile Include="PASS486.cpp">
      <Filter>Source Files</Filter>
    </ClCompile>
    <ClCompile Include="ENCODING.cpp">
      <Filter>Source Files</Filter>
    </ClCompile>
    <ClCompile Include="00a9.cpp">
      <Filter>Source Files</Filter>
    </ClCompile>
    <ClCompile Include="1003.cpp">
      <Filter>Source Files</Filter>
    </ClCompile>
    <ClCompile Include="1008.cpp">
      <Filter>Source Files</Filter>
    </ClCompile>
    <ClCompile Include="1009.cpp">
      <Filter>Source Files</Filter>
    </ClCompile>
    <ClCompile Include="1016.cpp">
      <Filter>Source Files</Filter>
    </ClCompile>
    <ClCompile Include="1026.cpp">
      <Filter>Source Files</Filter>
    </ClCompile>
  </ItemGroup>
  <ItemGroup>
    <ClInclude Include="base.h">
      <Filter>Header Files</Filter>
    </ClInclude>
    <ClInclude Include="lib.h">
      <Filter>Header Files</Filter>
    </ClInclude>
  </ItemGroup>
</Project>